Microsoft Visual Studio Solution File, Format Version 12.00
# Visual Studio Version 17
VisualStudioVersion = 17.5.2.0
MinimumVisualStudioVersion = 10.0.40219.1
Project("{FAE04EC0-301F-11D3-BF4B-00C04F79EFBC}") = "AgentApiService", "AgentApiService.csproj", "{9E587733-F917-7DE2-69E4-F1957653FC29}"
EndProject
Global
	GlobalSection(SolutionConfigurationPlatforms) = preSolution
		Debug|Any CPU = Debug|Any CPU
		Release|Any CPU = Release|Any CPU
	EndGlobalSection
	GlobalSection(ProjectConfigurationPlatforms) = postSolution
		{9E587733-F917-7DE2-69E4-F1957653FC29}.Debug|Any CPU.ActiveCfg = Debug|Any CPU
		{9E587733-F917-7DE2-69E4-F1957653FC29}.Debug|Any CPU.Build.0 = Debug|Any CPU
		{9E587733-F917-7DE2-69E4-F1957653FC29}.Release|Any CPU.ActiveCfg = Release|Any CPU
		{9E587733-F917-7DE2-69E4-F1957653FC29}.Release|Any CPU.Build.0 = Release|Any CPU
	EndGlobalSection
	GlobalSection(SolutionProperties) = preSolution
		HideSolutionNode = FALSE
	EndGlobalSection
	GlobalSection(ExtensibilityGlobals) = postSolution
		SolutionGuid = {582C7373-F3EB-4521-911A-DE8C8ACB4BAB}
	EndGlobalSection
EndGlobal
